
Microsoft Visual Studio Solution File, Format Version 12.00
# Visual Studio Version 16
VisualStudioVersion = 16.0.30804.86
MinimumVisualStudioVersion = 10.0.40219.1
Project("{FAE04EC0-301F-11D3-BF4B-00C04F79EFBC}") = "Stan_Ionel_Calin_Lab5", "Stan_Ionel_Calin_Lab5.csproj", "{1D264251-C17E-42EA-B0FF-BC117DFFEB5C}"
EndProject
Global
	GlobalSection(SolutionConfigurationPlatforms) = preSolution
		Debug|Any CPU = Debug|Any CPU
		Release|Any CPU = Release|Any CPU
	EndGlobalSection
	GlobalSection(ProjectConfigurationPlatforms) = postSolution
		{1D264251-C17E-42EA-B0FF-BC117DFFEB5C}.Debug|Any CPU.ActiveCfg = Debug|Any CPU
		{1D264251-C17E-42EA-B0FF-BC117DFFEB5C}.Debug|Any CPU.Build.0 = Debug|Any CPU
		{1D264251-C17E-42EA-B0FF-BC117DFFEB5C}.Release|Any CPU.ActiveCfg = Release|Any CPU
		{1D264251-C17E-42EA-B0FF-BC117DFFEB5C}.Release|Any CPU.Build.0 = Release|Any CPU
	EndGlobalSection
	GlobalSection(SolutionProperties) = preSolution
		HideSolutionNode = FALSE
	EndGlobalSection
	GlobalSection(ExtensibilityGlobals) = postSolution
		SolutionGuid = {8D19C816-7DB1-47C9-ACA4-74C9EAACEC8E}
	EndGlobalSection
EndGlobal
